// !$*UTF8*$!
{
	archiveVersion = 1;
	classes = {
	};
	objectVersion = 46;
	objects = {

/* Begin PBXBuildFile section */
		3161906618BC44160012465E /* main.c in Sources */ = {isa = PBXBuildFile; fileRef = 3161906518BC44160012465E /* main.c */; };
		3161906818BC44160012465E /* L13Include.1 in CopyFiles */ = {isa = PBXBuildFile; fileRef = 3161906718BC44160012465E /* L13Include.1 */; };
		3161907018BC443C0012465E /* hello.c in Sources */ = {isa = PBXBuildFile; fileRef = 3161906F18BC443C0012465E /* hello.c */; };
/* End PBXBuildFile section */

/* Begin PBXCopyFilesBuildPhase section */
		3161906018BC44160012465E /* CopyFiles */ = {
			isa = PBXCopyFilesBuildPhase;
			buildActionMask = 2147483647;
			dstPath = /usr/share/man/man1/;
			dstSubfolderSpec = 0;
			files = (
				3161906818BC44160012465E /* L13Include.1 in CopyFiles */,
			);
			runOnlyForDeploymentPostprocessing = 1;
		};
/* End PBXCopyFilesBuildPhase section */

/* Begin PBXFileReference section */
		3161906218BC44160012465E /* L13Include */ = {isa = PBXFileReference; explicitFileType = "compiled.mach-o.executable"; includeInIndex = 0; path = L13Include; sourceTree = BUILT_PRODUCTS_DIR; };
		3161906518BC44160012465E /* main.c */ = {isa = PBXFileReference; lastKnownFileType = sourcecode.c.c; path = main.c; sourceTree = "<group>"; };
		3161906718BC44160012465E /* L13Include.1 */ = {isa = PBXFileReference; lastKnownFileType = text.man; path = L13Include.1; sourceTree = "<group>"; };
		3161906E18BC44320012465E /* hello.h */ = {isa = PBXFileReference; lastKnownFileType = sourcecode.c.h; path = hello.h; sourceTree = "<group>"; };
		3161906F18BC443C0012465E /* hello.c */ = {isa = PBXFileReference; fileEncoding = 4; lastKnownFileType = sourcecode.c.c; path = hello.c; sourceTree = "<group>"; };
/* End PBXFileReference section */

/* Begin PBXFrameworksBuildPhase section */
		3161905F18BC44160012465E /* Frameworks */ = {
			isa = PBXFrameworksBuildPhase;
			buildActionMask = 2147483647;
			files = (
			);
			runOnlyForDeploymentPostprocessing = 0;
		};
/* End PBXFrameworksBuildPhase section */

/* Begin PBXGroup section */
		3161905918BC44160012465E = {
			isa = PBXGroup;
			children = (
				3161906418BC44160012465E /* L13Include */,
				3161906318BC44160012465E /* Products */,
			);
			sourceTree = "<group>";
		};
		3161906318BC44160012465E /* Products */ = {
			isa = PBXGroup;
			children = (
				3161906218BC44160012465E /* L13Include */,
			);
			name = Products;
			sourceTree = "<group>";
		};
		3161906418BC44160012465E /* L13Include */ = {
			isa = PBXGroup;
			children = (
				3161906518BC44160012465E /* main.c */,
				3161906718BC44160012465E /* L13Include.1 */,
				3161906E18BC44320012465E /* hello.h */,
				3161906F18BC443C0012465E /* hello.c */,
			);
			path = L13Include;
			sourceTree = "<group>";
		};
/* End PBXGroup section */

/* Begin PBXNativeTarget section */
		3161906118BC44160012465E /* L13Include */ = {
			isa = PBXNativeTarget;
			buildConfigurationList = 3161906B18BC44160012465E /* Build configuration list for PBXNativeTarget "L13Include" */;
			buildPhases = (
				3161905E18BC44160012465E /* Sources */,
				3161905F18BC44160012465E /* Frameworks */,
				3161906018BC44160012465E /* CopyFiles */,
			);
			buildRules = (
			);
			dependencies = (
			);
			name = L13Include;
			productName = L13Include;
			productReference = 3161906218BC44160012465E /* L13Include */;
			productType = "com.apple.product-type.tool";
		};
/* End PBXNativeTarget section */

/* Begin PBXProject section */
		3161905A18BC44160012465E /* Project object */ = {
			isa = PBXProject;
			attributes = {
				LastUpgradeCheck = 0500;
				ORGANIZATIONNAME = plter;
			};
			buildConfigurationList = 3161905D18BC44160012465E /* Build configuration list for PBXProject "L13Include" */;
			compatibilityVersion = "Xcode 3.2";
			developmentRegion = English;
			hasScannedForEncodings = 0;
			knownRegions = (
				en,
			);
			mainGroup = 3161905918BC44160012465E;
			productRefGroup = 3161906318BC44160012465E /* Products */;
			projectDirPath = "";
			projectRoot = "";
			targets = (
				3161906118BC44160012465E /* L13Include */,
			);
		};
/* End PBXProject section */

/* Begin PBXSourcesBuildPhase section */
		3161905E18BC44160012465E /* Sources */ = {
			isa = PBXSourcesBuildPhase;
			buildActionMask = 2147483647;
			files = (
				3161907018BC443C0012465E /* hello.c in Sources */,
				3161906618BC44160012465E /* main.c in Sources */,
			);
			runOnlyForDeploymentPostprocessing = 0;
		};
/* End PBXSourcesBuildPhase section */

/* Begin XCBuildConfiguration section */
		3161906918BC44160012465E /* Debug */ = {
			isa = XCBuildConfiguration;
			buildSettings = {
				ALWAYS_SEARCH_USER_PATHS = NO;
				CLANG_CXX_LANGUAGE_STANDARD = "gnu++0x";
				CLANG_CXX_LIBRARY = "libc++";
				CLANG_ENABLE_OBJC_ARC = YES;
				CLANG_WARN_BOOL_CONVERSION = YES;
				CLANG_WARN_CONSTANT_CONVERSION = YES;
				CLANG_WARN_DIRECT_OBJC_ISA_USAGE = YES_ERROR;
				CLANG_WARN_EMPTY_BODY = YES;
				CLANG_WARN_ENUM_CONVERSION = YES;
				CLANG_WARN_INT_CONVERSION = YES;
				CLANG_WARN_OBJC_ROOT_CLASS = YES_ERROR;
				CLANG_WARN__DUPLICATE_METHOD_MATCH = YES;
				COPY_PHASE_STRIP = NO;
				GCC_C_LANGUAGE_STANDARD = gnu99;
				GCC_DYNAMIC_NO_PIC = NO;
				GCC_ENABLE_OBJC_EXCEPTIONS = YES;
				GCC_OPTIMIZATION_LEVEL = 0;
				GCC_PREPROCESSOR_DEFINITIONS = (
					"DEBUG=1",
					"$(inherited)",
				);
				GCC_SYMBOLS_PRIVATE_EXTERN = NO;
				GCC_WARN_64_TO_32_BIT_CONVERSION = YES;
				GCC_WARN_ABOUT_RETURN_TYPE = YES_ERROR;
				GCC_WARN_UNDECLARED_SELECTOR = YES;
				GCC_WARN_UNINITIALIZED_AUTOS = YES;
				GCC_WARN_UNUSED_FUNCTION = YES;
				GCC_WARN_UNUSED_VARIABLE = YES;
				MACOSX_DEPLOYMENT_TARGET = 10.9;
				ONLY_ACTIVE_ARCH = YES;
				SDKROOT = macosx;
			};
			name = Debug;
		};
		3161906A18BC44160012465E /* Release */ = {
			isa = XCBuildConfiguration;
			buildSettings = {
				ALWAYS_SEARCH_USER_PATHS = NO;
				CLANG_CXX_LANGUAGE_STANDARD = "gnu++0x";
				CLANG_CXX_LIBRARY = "libc++";
				CLANG_ENABLE_OBJC_ARC = YES;
				CLANG_WARN_BOOL_CONVERSION = YES;
				CLANG_WARN_CONSTANT_CONVERSION = YES;
				CLANG_WARN_DIRECT_OBJC_ISA_USAGE = YES_ERROR;
				CLANG_WARN_EMPTY_BODY = YES;
				CLANG_WARN_ENUM_CONVERSION = YES;
				CLANG_WARN_INT_CONVERSION = YES;
				CLANG_WARN_OBJC_ROOT_CLASS = YES_ERROR;
				CLANG_WARN__DUPLICATE_METHOD_MATCH = YES;
				COPY_PHASE_STRIP = YES;
				DEBUG_INFORMATION_FORMAT = "dwarf-with-dsym";
				ENABLE_NS_ASSERTIONS = NO;
				GCC_C_LANGUAGE_STANDARD = gnu99;
				GCC_ENABLE_OBJC_EXCEPTIONS = YES;
				GCC_WARN_64_TO_32_BIT_CONVERSION = YES;
				GCC_WARN_ABOUT_RETURN_TYPE = YES_ERROR;
				GCC_WARN_UNDECLARED_SELECTOR = YES;
				GCC_WARN_UNINITIALIZED_AUTOS = YES;
				GCC_WARN_UNUSED_FUNCTION = YES;
				GCC_WARN_UNUSED_VARIABLE = YES;
				MACOSX_DEPLOYMENT_TARGET = 10.9;
				SDKROOT = macosx;
			};
			name = Release;
		};
		3161906C18BC44160012465E /* Debug */ = {
			isa = XCBuildConfiguration;
			buildSettings = {
				PRODUCT_NAME = "$(TARGET_NAME)";
			};
			name = Debug;
		};
		3161906D18BC44160012465E /* Release */ = {
			isa = XCBuildConfiguration;
			buildSettings = {
				PRODUCT_NAME = "$(TARGET_NAME)";
			};
			name = Release;
		};
/* End XCBuildConfiguration section */

/* Begin XCConfigurationList section */
		3161905D18BC44160012465E /* Build configuration list for PBXProject "L13Include" */ = {
			isa = XCConfigurationList;
			buildConfigurations = (
				3161906918BC44160012465E /* Debug */,
				3161906A18BC44160012465E /* Release */,
			);
			defaultConfigurationIsVisible = 0;
			defaultConfigurationName = Release;
		};
		3161906B18BC44160012465E /* Build configuration list for PBXNativeTarget "L13Include" */ = {
			isa = XCConfigurationList;
			buildConfigurations = (
				3161906C18BC44160012465E /* Debug */,
				3161906D18BC44160012465E /* Release */,
			);
			defaultConfigurationIsVisible = 0;
		};
/* End XCConfigurationList section */
	};
	rootObject = 3161905A18BC44160012465E /* Project object */;
}
